
Microsoft Visual Studio Solution File, Format Version 11.00
# Visual Studio 2010
Project("{FAE04EC0-301F-11D3-BF4B-00C04F79EFBC}") = "self-host", "self-host\self-host.csproj", "{E8533D70-8C82-452F-AA06-9D3E3909063A}"
EndProject
Project("{2150E333-8FDC-42A3-9474-1A3956D46DE8}") = ".nuget", ".nuget", "{CD0CA9FF-8315-453C-8751-15E4DD1B55DD}"
	ProjectSection(SolutionItems) = preProject
		.nuget\packages.config = .nuget\packages.config
	EndProjectSection
EndProject
Project("{FAE04EC0-301F-11D3-BF4B-00C04F79EFBC}") = "client-app", "client-app\client-app.csproj", "{0CD492A1-500C-4409-AB5E-1308879E407E}"
EndProject
Global
	GlobalSection(SolutionConfigurationPlatforms) = preSolution
		Debug|x86 = Debug|x86
		Release|x86 = Release|x86
	EndGlobalSection
	GlobalSection(ProjectConfigurationPlatforms) = postSolution
		{E8533D70-8C82-452F-AA06-9D3E3909063A}.Debug|x86.ActiveCfg = Debug|x86
		{E8533D70-8C82-452F-AA06-9D3E3909063A}.Debug|x86.Build.0 = Debug|x86
		{E8533D70-8C82-452F-AA06-9D3E3909063A}.Release|x86.ActiveCfg = Release|x86
		{E8533D70-8C82-452F-AA06-9D3E3909063A}.Release|x86.Build.0 = Release|x86
		{0CD492A1-500C-4409-AB5E-1308879E407E}.Debug|x86.ActiveCfg = Debug|x86
		{0CD492A1-500C-4409-AB5E-1308879E407E}.Debug|x86.Build.0 = Debug|x86
		{0CD492A1-500C-4409-AB5E-1308879E407E}.Release|x86.ActiveCfg = Release|x86
		{0CD492A1-500C-4409-AB5E-1308879E407E}.Release|x86.Build.0 = Release|x86
	EndGlobalSection
	GlobalSection(SolutionProperties) = preSolution
		HideSolutionNode = FALSE
	EndGlobalSection
EndGlobal
